
Microsoft Visual Studio Solution File, Format Version 12.00
# Visual Studio 14
VisualStudioVersion = 14.0.24720.0
MinimumVisualStudioVersion = 10.0.40219.1
Project("{FAE04EC0-301F-11D3-BF4B-00C04F79EFBC}") = "BoggleServiceTests", "BoggleServiceTests\BoggleServiceTests.csproj", "{71936E2C-E15E-44DE-ABFF-B69805FAE163}"
EndProject
Project("{FAE04EC0-301F-11D3-BF4B-00C04F79EFBC}") = "BoggleService", "..\PS10\BoggleService\BoggleService.csproj", "{3D7057B8-1969-4BCD-9E26-3746629E5313}"
EndProject
Project("{2150E333-8FDC-42A3-9474-1A3956D46DE8}") = "Queries", "Queries", "{440C1433-C985-4728-9125-AC6C839E2A50}"
EndProject
Project("{2150E333-8FDC-42A3-9474-1A3956D46DE8}") = "Solution Items", "Solution Items", "{F8E505D2-CCCC-4934-A467-B6A27D36E6D0}"
	ProjectSection(SolutionItems) = preProject
		Net45\Newtonsoft.Json.dll = Net45\Newtonsoft.Json.dll
		StringSocket.dll = StringSocket.dll
	EndProjectSection
EndProject
Global
	GlobalSection(SolutionConfigurationPlatforms) = preSolution
		Debug|Any CPU = Debug|Any CPU
		Release|Any CPU = Release|Any CPU
	EndGlobalSection
	GlobalSection(ProjectConfigurationPlatforms) = postSolution
		{71936E2C-E15E-44DE-ABFF-B69805FAE163}.Debug|Any CPU.ActiveCfg = Debug|Any CPU
		{71936E2C-E15E-44DE-ABFF-B69805FAE163}.Debug|Any CPU.Build.0 = Debug|Any CPU
		{71936E2C-E15E-44DE-ABFF-B69805FAE163}.Release|Any CPU.ActiveCfg = Release|Any CPU
		{71936E2C-E15E-44DE-ABFF-B69805FAE163}.Release|Any CPU.Build.0 = Release|Any CPU
		{3D7057B8-1969-4BCD-9E26-3746629E5313}.Debug|Any CPU.ActiveCfg = Debug|Any CPU
		{3D7057B8-1969-4BCD-9E26-3746629E5313}.Debug|Any CPU.Build.0 = Debug|Any CPU
		{3D7057B8-1969-4BCD-9E26-3746629E5313}.Release|Any CPU.ActiveCfg = Release|Any CPU
		{3D7057B8-1969-4BCD-9E26-3746629E5313}.Release|Any CPU.Build.0 = Release|Any CPU
	EndGlobalSection
	GlobalSection(SolutionProperties) = preSolution
		HideSolutionNode = FALSE
	EndGlobalSection
EndGlobal
